
Microsoft Visual Studio Solution File, Format Version 12.00
# Visual Studio Version 17
VisualStudioVersion = 17.4.33110.190
MinimumVisualStudioVersion = 10.0.40219.1
Project("{9A19103F-16F7-4668-BE54-9A1E7A4F7556}") = "ContainmentCards", "ContainmentCards\ContainmentCards.csproj", "{32E400DF-E608-408B-B66B-625EDBAFEF62}"
EndProject
Project("{FAE04EC0-301F-11D3-BF4B-00C04F79EFBC}") = "ContainmentCards.Avalonia", "ContainmentCards.Avalonia\ContainmentCards.Avalonia.csproj", "{5B3398E5-5FA1-4691-A393-98D55A7518C8}"
EndProject
Global
	GlobalSection(SolutionConfigurationPlatforms) = preSolution
		Debug|Any CPU = Debug|Any CPU
		Release|Any CPU = Release|Any CPU
	EndGlobalSection
	GlobalSection(ProjectConfigurationPlatforms) = postSolution
		{32E400DF-E608-408B-B66B-625EDBAFEF62}.Debug|Any CPU.ActiveCfg = Debug|Any CPU
		{32E400DF-E608-408B-B66B-625EDBAFEF62}.Debug|Any CPU.Build.0 = Debug|Any CPU
		{32E400DF-E608-408B-B66B-625EDBAFEF62}.Release|Any CPU.ActiveCfg = Release|Any CPU
		{32E400DF-E608-408B-B66B-625EDBAFEF62}.Release|Any CPU.Build.0 = Release|Any CPU
		{5B3398E5-5FA1-4691-A393-98D55A7518C8}.Debug|Any CPU.ActiveCfg = Debug|Any CPU
		{5B3398E5-5FA1-4691-A393-98D55A7518C8}.Debug|Any CPU.Build.0 = Debug|Any CPU
		{5B3398E5-5FA1-4691-A393-98D55A7518C8}.Release|Any CPU.ActiveCfg = Release|Any CPU
		{5B3398E5-5FA1-4691-A393-98D55A7518C8}.Release|Any CPU.Build.0 = Release|Any CPU
	EndGlobalSection
	GlobalSection(SolutionProperties) = preSolution
		HideSolutionNode = FALSE
	EndGlobalSection
	GlobalSection(ExtensibilityGlobals) = postSolution
		SolutionGuid = {AF956B9C-D0A5-4CDE-A29D-446E2A9AC83E}
	EndGlobalSection
EndGlobal
